
Microsoft Visual Studio Solution File, Format Version 12.00
# Visual Studio Version 17
VisualStudioVersion = 17.4.33110.190
MinimumVisualStudioVersion = 10.0.40219.1
Project("{FAE04EC0-301F-11D3-BF4B-00C04F79EFBC}") = "stringUpr", "stringUpr.csproj", "{28512AFF-9294-4502-BC5C-067F09FA2275}"
EndProject
Project("{FAE04EC0-301F-11D3-BF4B-00C04F79EFBC}") = "PrevejdaneotNdo10", "..\PrevejdaneotNdo10\PrevejdaneotNdo10.csproj", "{DC26786A-E280-4C5F-B987-FFD613172EDD}"
EndProject
Project("{FAE04EC0-301F-11D3-BF4B-00C04F79EFBC}") = "UniSimvol", "..\UniSimvol\UniSimvol.csproj", "{C361072C-56EB-49A2-B369-F3E8294DDB79}"
EndProject
Project("{FAE04EC0-301F-11D3-BF4B-00C04F79EFBC}") = "Palendrom", "..\Palendrom\Palendrom.csproj", "{CE74E880-3104-4C3E-982C-ADF8B7F2F9A9}"
EndProject
Project("{FAE04EC0-301F-11D3-BF4B-00C04F79EFBC}") = "Mgi4eskiDumi", "..\Mgi4eskiDumi\Mgi4eskiDumi.csproj", "{9F562578-8749-494D-81DE-9FDBDB6E4A3F}"
EndProject
Project("{FAE04EC0-301F-11D3-BF4B-00C04F79EFBC}") = "SumNaGOlemi4isla", "..\SumNaGOlemi4isla\SumNaGOlemi4isla.csproj", "{59239CD5-552B-4DE7-B052-A9DEA2114CE7}"
EndProject
Global
	GlobalSection(SolutionConfigurationPlatforms) = preSolution
		Debug|Any CPU = Debug|Any CPU
		Release|Any CPU = Release|Any CPU
	EndGlobalSection
	GlobalSection(ProjectConfigurationPlatforms) = postSolution
		{28512AFF-9294-4502-BC5C-067F09FA2275}.Debug|Any CPU.ActiveCfg = Debug|Any CPU
		{28512AFF-9294-4502-BC5C-067F09FA2275}.Debug|Any CPU.Build.0 = Debug|Any CPU
		{28512AFF-9294-4502-BC5C-067F09FA2275}.Release|Any CPU.ActiveCfg = Release|Any CPU
		{28512AFF-9294-4502-BC5C-067F09FA2275}.Release|Any CPU.Build.0 = Release|Any CPU
		{DC26786A-E280-4C5F-B987-FFD613172EDD}.Debug|Any CPU.ActiveCfg = Debug|Any CPU
		{DC26786A-E280-4C5F-B987-FFD613172EDD}.Debug|Any CPU.Build.0 = Debug|Any CPU
		{DC26786A-E280-4C5F-B987-FFD613172EDD}.Release|Any CPU.ActiveCfg = Release|Any CPU
		{DC26786A-E280-4C5F-B987-FFD613172EDD}.Release|Any CPU.Build.0 = Release|Any CPU
		{C361072C-56EB-49A2-B369-F3E8294DDB79}.Debug|Any CPU.ActiveCfg = Debug|Any CPU
		{C361072C-56EB-49A2-B369-F3E8294DDB79}.Debug|Any CPU.Build.0 = Debug|Any CPU
		{C361072C-56EB-49A2-B369-F3E8294DDB79}.Release|Any CPU.ActiveCfg = Release|Any CPU
		{C361072C-56EB-49A2-B369-F3E8294DDB79}.Release|Any CPU.Build.0 = Release|Any CPU
		{CE74E880-3104-4C3E-982C-ADF8B7F2F9A9}.Debug|Any CPU.ActiveCfg = Debug|Any CPU
		{CE74E880-3104-4C3E-982C-ADF8B7F2F9A9}.Debug|Any CPU.Build.0 = Debug|Any CPU
		{CE74E880-3104-4C3E-982C-ADF8B7F2F9A9}.Release|Any CPU.ActiveCfg = Release|Any CPU
		{CE74E880-3104-4C3E-982C-ADF8B7F2F9A9}.Release|Any CPU.Build.0 = Release|Any CPU
		{9F562578-8749-494D-81DE-9FDBDB6E4A3F}.Debug|Any CPU.ActiveCfg = Debug|Any CPU
		{9F562578-8749-494D-81DE-9FDBDB6E4A3F}.Debug|Any CPU.Build.0 = Debug|Any CPU
		{9F562578-8749-494D-81DE-9FDBDB6E4A3F}.Release|Any CPU.ActiveCfg = Release|Any CPU
		{9F562578-8749-494D-81DE-9FDBDB6E4A3F}.Release|Any CPU.Build.0 = Release|Any CPU
		{59239CD5-552B-4DE7-B052-A9DEA2114CE7}.Debug|Any CPU.ActiveCfg = Debug|Any CPU
		{59239CD5-552B-4DE7-B052-A9DEA2114CE7}.Debug|Any CPU.Build.0 = Debug|Any CPU
		{59239CD5-552B-4DE7-B052-A9DEA2114CE7}.Release|Any CPU.ActiveCfg = Release|Any CPU
		{59239CD5-552B-4DE7-B052-A9DEA2114CE7}.Release|Any CPU.Build.0 = Release|Any CPU
	EndGlobalSection
	GlobalSection(SolutionProperties) = preSolution
		HideSolutionNode = FALSE
	EndGlobalSection
	GlobalSection(ExtensibilityGlobals) = postSolution
		SolutionGuid = {750EACA9-F227-4DE6-AF3D-8EFD3E16425A}
	EndGlobalSection
EndGlobal
